
Microsoft Visual Studio Solution File, Format Version 12.00
# Visual Studio Version 17
VisualStudioVersion = 17.3.32819.101
MinimumVisualStudioVersion = 10.0.40219.1
Project("{FAE04EC0-301F-11D3-BF4B-00C04F79EFBC}") = "Wpf_Work_13", "Wpf_Work_13\Wpf_Work_13.csproj", "{DDD3A8F8-DBC5-4442-A0D9-DC7032EE9A2F}"
EndProject
Global
	GlobalSection(SolutionConfigurationPlatforms) = preSolution
		Debug|Any CPU = Debug|Any CPU
		Release|Any CPU = Release|Any CPU
	EndGlobalSection
	GlobalSection(ProjectConfigurationPlatforms) = postSolution
		{DDD3A8F8-DBC5-4442-A0D9-DC7032EE9A2F}.Debug|Any CPU.ActiveCfg = Debug|Any CPU
		{DDD3A8F8-DBC5-4442-A0D9-DC7032EE9A2F}.Debug|Any CPU.Build.0 = Debug|Any CPU
		{DDD3A8F8-DBC5-4442-A0D9-DC7032EE9A2F}.Release|Any CPU.ActiveCfg = Release|Any CPU
		{DDD3A8F8-DBC5-4442-A0D9-DC7032EE9A2F}.Release|Any CPU.Build.0 = Release|Any CPU
	EndGlobalSection
	GlobalSection(SolutionProperties) = preSolution
		HideSolutionNode = FALSE
	EndGlobalSection
	GlobalSection(ExtensibilityGlobals) = postSolution
		SolutionGuid = {5B8297FD-A74D-4328-AF4A-18F52BFCA88D}
	EndGlobalSection
EndGlobal
